// !$*UTF8*$!
{
	archiveVersion = 1;
	classes = {
	};
	objectVersion = 56;
	objects = {

/* Begin PBXBuildFile section */
		496CB94E2C4D430A0060A58E /* RealityKitContent in Frameworks */ = {isa = PBXBuildFile; productRef = 496CB94D2C4D430A0060A58E /* RealityKitContent */; };
		496CB9502C4D430A0060A58E /* SoundPlayApp.swift in Sources */ = {isa = PBXBuildFile; fileRef = 496CB94F2C4D430A0060A58E /* SoundPlayApp.swift */; };
		496CB9522C4D430A0060A58E /* ContentView.swift in Sources */ = {isa = PBXBuildFile; fileRef = 496CB9512C4D430A0060A58E /* ContentView.swift */; };
		496CB9542C4D430A0060A58E /* ImmersiveView.swift in Sources */ = {isa = PBXBuildFile; fileRef = 496CB9532C4D430A0060A58E /* ImmersiveView.swift */; };
		496CB9562C4D430C0060A58E /* Assets.xcassets in Resources */ = {isa = PBXBuildFile; fileRef = 496CB9552C4D430C0060A58E /* Assets.xcassets */; };
		496CB9592C4D430C0060A58E /* Preview Assets.xcassets in Resources */ = {isa = PBXBuildFile; fileRef = 496CB9582C4D430C0060A58E /* Preview Assets.xcassets */; };
		496CB9612C4D434D0060A58E /* soundPlayer.swift in Sources */ = {isa = PBXBuildFile; fileRef = 496CB9602C4D434D0060A58E /* soundPlayer.swift */; };
		496CB9632C4D43820060A58E /* ButtonImageView.swift in Sources */ = {isa = PBXBuildFile; fileRef = 496CB9622C4D43820060A58E /* ButtonImageView.swift */; };
/* End PBXBuildFile section */

/* Begin PBXFileReference section */
		496CB9482C4D430A0060A58E /* SoundPlay.app */ = {isa = PBXFileReference; explicitFileType = wrapper.application; includeInIndex = 0; path = SoundPlay.app; sourceTree = BUILT_PRODUCTS_DIR; };
		496CB94C2C4D430A0060A58E /* RealityKitContent */ = {isa = PBXFileReference; lastKnownFileType = wrapper; path = RealityKitContent; sourceTree = "<group>"; };
		496CB94F2C4D430A0060A58E /* SoundPlayApp.swift */ = {isa = PBXFileReference; lastKnownFileType = sourcecode.swift; path = SoundPlayApp.swift; sourceTree = "<group>"; };
		496CB9512C4D430A0060A58E /* ContentView.swift */ = {isa = PBXFileReference; lastKnownFileType = sourcecode.swift; path = ContentView.swift; sourceTree = "<group>"; };
		496CB9532C4D430A0060A58E /* ImmersiveView.swift */ = {isa = PBXFileReference; lastKnownFileType = sourcecode.swift; path = ImmersiveView.swift; sourceTree = "<group>"; };
		496CB9552C4D430C0060A58E /* Assets.xcassets */ = {isa = PBXFileReference; lastKnownFileType = folder.assetcatalog; path = Assets.xcassets; sourceTree = "<group>"; };
		496CB9582C4D430C0060A58E /* Preview Assets.xcassets */ = {isa = PBXFileReference; lastKnownFileType = folder.assetcatalog; path = "Preview Assets.xcassets"; sourceTree = "<group>"; };
		496CB95A2C4D430C0060A58E /* Info.plist */ = {isa = PBXFileReference; lastKnownFileType = text.plist.xml; path = Info.plist; sourceTree = "<group>"; };
		496CB9602C4D434D0060A58E /* soundPlayer.swift */ = {isa = PBXFileReference; lastKnownFileType = sourcecode.swift; path = soundPlayer.swift; sourceTree = "<group>"; };
		496CB9622C4D43820060A58E /* ButtonImageView.swift */ = {isa = PBXFileReference; lastKnownFileType = sourcecode.swift; path = ButtonImageView.swift; sourceTree = "<group>"; };
/* End PBXFileReference section */

/* Begin PBXFrameworksBuildPhase section */
		496CB9452C4D430A0060A58E /* Frameworks */ = {
			isa = PBXFrameworksBuildPhase;
			buildActionMask = 2147483647;
			files = (
				496CB94E2C4D430A0060A58E /* RealityKitContent in Frameworks */,
			);
			runOnlyForDeploymentPostprocessing = 0;
		};
/* End PBXFrameworksBuildPhase section */

/* Begin PBXGroup section */
		496CB93F2C4D430A0060A58E = {
			isa = PBXGroup;
			children = (
				496CB94A2C4D430A0060A58E /* SoundPlay */,
				496CB94B2C4D430A0060A58E /* Packages */,
				496CB9492C4D430A0060A58E /* Products */,
			);
			sourceTree = "<group>";
		};
		496CB9492C4D430A0060A58E /* Products */ = {
			isa = PBXGroup;
			children = (
				496CB9482C4D430A0060A58E /* SoundPlay.app */,
			);
			name = Products;
			sourceTree = "<group>";
		};
		496CB94A2C4D430A0060A58E /* SoundPlay */ = {
			isa = PBXGroup;
			children = (
				496CB94F2C4D430A0060A58E /* SoundPlayApp.swift */,
				496CB9512C4D430A0060A58E /* ContentView.swift */,
				496CB9602C4D434D0060A58E /* soundPlayer.swift */,
				496CB9622C4D43820060A58E /* ButtonImageView.swift */,
				496CB9532C4D430A0060A58E /* ImmersiveView.swift */,
				496CB9552C4D430C0060A58E /* Assets.xcassets */,
				496CB95A2C4D430C0060A58E /* Info.plist */,
				496CB9572C4D430C0060A58E /* Preview Content */,
			);
			path = SoundPlay;
			sourceTree = "<group>";
		};
		496CB94B2C4D430A0060A58E /* Packages */ = {
			isa = PBXGroup;
			children = (
				496CB94C2C4D430A0060A58E /* RealityKitContent */,
			);
			path = Packages;
			sourceTree = "<group>";
		};
		496CB9572C4D430C0060A58E /* Preview Content */ = {
			isa = PBXGroup;
			children = (
				496CB9582C4D430C0060A58E /* Preview Assets.xcassets */,
			);
			path = "Preview Content";
			sourceTree = "<group>";
		};
/* End PBXGroup section */

/* Begin PBXNativeTarget section */
		496CB9472C4D430A0060A58E /* SoundPlay */ = {
			isa = PBXNativeTarget;
			buildConfigurationList = 496CB95D2C4D430C0060A58E /* Build configuration list for PBXNativeTarget "SoundPlay" */;
			buildPhases = (
				496CB9442C4D430A0060A58E /* Sources */,
				496CB9452C4D430A0060A58E /* Frameworks */,
				496CB9462C4D430A0060A58E /* Resources */,
			);
			buildRules = (
			);
			dependencies = (
			);
			name = SoundPlay;
			packageProductDependencies = (
				496CB94D2C4D430A0060A58E /* RealityKitContent */,
			);
			productName = SoundPlay;
			productReference = 496CB9482C4D430A0060A58E /* SoundPlay.app */;
			productType = "com.apple.product-type.application";
		};
/* End PBXNativeTarget section */

/* Begin PBXProject section */
		496CB9402C4D430A0060A58E /* Project object */ = {
			isa = PBXProject;
			attributes = {
				BuildIndependentTargetsInParallel = 1;
				LastSwiftUpdateCheck = 1540;
				LastUpgradeCheck = 1540;
				TargetAttributes = {
					496CB9472C4D430A0060A58E = {
						CreatedOnToolsVersion = 15.4;
					};
				};
			};
			buildConfigurationList = 496CB9432C4D430A0060A58E /* Build configuration list for PBXProject "SoundPlay" */;
			compatibilityVersion = "Xcode 14.0";
			developmentRegion = en;
			hasScannedForEncodings = 0;
			knownRegions = (
				en,
				Base,
			);
			mainGroup = 496CB93F2C4D430A0060A58E;
			productRefGroup = 496CB9492C4D430A0060A58E /* Products */;
			projectDirPath = "";
			projectRoot = "";
			targets = (
				496CB9472C4D430A0060A58E /* SoundPlay */,
			);
		};
/* End PBXProject section */

/* Begin PBXResourcesBuildPhase section */
		496CB9462C4D430A0060A58E /* Resources */ = {
			isa = PBXResourcesBuildPhase;
			buildActionMask = 2147483647;
			files = (
				496CB9592C4D430C0060A58E /* Preview Assets.xcassets in Resources */,
				496CB9562C4D430C0060A58E /* Assets.xcassets in Resources */,
			);
			runOnlyForDeploymentPostprocessing = 0;
		};
/* End PBXResourcesBuildPhase section */

/* Begin PBXSourcesBuildPhase section */
		496CB9442C4D430A0060A58E /* Sources */ = {
			isa = PBXSourcesBuildPhase;
			buildActionMask = 2147483647;
			files = (
				496CB9632C4D43820060A58E /* ButtonImageView.swift in Sources */,
				496CB9522C4D430A0060A58E /* ContentView.swift in Sources */,
				496CB9502C4D430A0060A58E /* SoundPlayApp.swift in Sources */,
				496CB9612C4D434D0060A58E /* soundPlayer.swift in Sources */,
				496CB9542C4D430A0060A58E /* ImmersiveView.swift in Sources */,
			);
			runOnlyForDeploymentPostprocessing = 0;
		};
/* End PBXSourcesBuildPhase section */

/* Begin XCBuildConfiguration section */
		496CB95B2C4D430C0060A58E /* Debug */ = {
			isa = XCBuildConfiguration;
			buildSettings = {
				ALWAYS_SEARCH_USER_PATHS = NO;
				ASSETCATALOG_COMPILER_GENERATE_SWIFT_ASSET_SYMBOL_EXTENSIONS = YES;
				CLANG_ANALYZER_NONNULL = YES;
				CLANG_ANALYZER_NUMBER_OBJECT_CONVERSION = YES_AGGRESSIVE;
				CLANG_CXX_LANGUAGE_STANDARD = "gnu++20";
				CLANG_ENABLE_MODULES = YES;
				CLANG_ENABLE_OBJC_ARC = YES;
				CLANG_ENABLE_OBJC_WEAK = YES;
				CLANG_WARN_BLOCK_CAPTURE_AUTORELEASING = YES;
				CLANG_WARN_BOOL_CONVERSION = YES;
				CLANG_WARN_COMMA = YES;
				CLANG_WARN_CONSTANT_CONVERSION = YES;
				CLANG_WARN_DEPRECATED_OBJC_IMPLEMENTATIONS = YES;
				CLANG_WARN_DIRECT_OBJC_ISA_USAGE = YES_ERROR;
				CLANG_WARN_DOCUMENTATION_COMMENTS = YES;
				CLANG_WARN_EMPTY_BODY = YES;
				CLANG_WARN_ENUM_CONVERSION = YES;
				CLANG_WARN_INFINITE_RECURSION = YES;
				CLANG_WARN_INT_CONVERSION = YES;
				CLANG_WARN_NON_LITERAL_NULL_CONVERSION = YES;
				CLANG_WARN_OBJC_IMPLICIT_RETAIN_SELF = YES;
				CLANG_WARN_OBJC_LITERAL_CONVERSION = YES;
				CLANG_WARN_OBJC_ROOT_CLASS = YES_ERROR;
				CLANG_WARN_QUOTED_INCLUDE_IN_FRAMEWORK_HEADER = YES;
				CLANG_WARN_RANGE_LOOP_ANALYSIS = YES;
				CLANG_WARN_STRICT_PROTOTYPES = YES;
				CLANG_WARN_SUSPICIOUS_MOVE = YES;
				CLANG_WARN_UNGUARDED_AVAILABILITY = YES_AGGRESSIVE;
				CLANG_WARN_UNREACHABLE_CODE = YES;
				CLANG_WARN__DUPLICATE_METHOD_MATCH = YES;
				COPY_PHASE_STRIP = NO;
				DEBUG_INFORMATION_FORMAT = dwarf;
				ENABLE_STRICT_OBJC_MSGSEND = YES;
				ENABLE_TESTABILITY = YES;
				ENABLE_USER_SCRIPT_SANDBOXING = YES;
				GCC_C_LANGUAGE_STANDARD = gnu17;
				GCC_DYNAMIC_NO_PIC = NO;
				GCC_NO_COMMON_BLOCKS = YES;
				GCC_OPTIMIZATION_LEVEL = 0;
				GCC_PREPROCESSOR_DEFINITIONS = (
					"DEBUG=1",
					"$(inherited)",
				);
				GCC_WARN_64_TO_32_BIT_CONVERSION = YES;
				GCC_WARN_ABOUT_RETURN_TYPE = YES_ERROR;
				GCC_WARN_UNDECLARED_SELECTOR = YES;
				GCC_WARN_UNINITIALIZED_AUTOS = YES_AGGRESSIVE;
				GCC_WARN_UNUSED_FUNCTION = YES;
				GCC_WARN_UNUSED_VARIABLE = YES;
				LOCALIZATION_PREFERS_STRING_CATALOGS = YES;
				MTL_ENABLE_DEBUG_INFO = INCLUDE_SOURCE;
				MTL_FAST_MATH = YES;
				ONLY_ACTIVE_ARCH = YES;
				SDKROOT = xros;
				SWIFT_ACTIVE_COMPILATION_CONDITIONS = "DEBUG $(inherited)";
				SWIFT_OPTIMIZATION_LEVEL = "-Onone";
				XROS_DEPLOYMENT_TARGET = 1.2;
			};
			name = Debug;
		};
		496CB95C2C4D430C0060A58E /* Release */ = {
			isa = XCBuildConfiguration;
			buildSettings = {
				ALWAYS_SEARCH_USER_PATHS = NO;
				ASSETCATALOG_COMPILER_GENERATE_SWIFT_ASSET_SYMBOL_EXTENSIONS = YES;
				CLANG_ANALYZER_NONNULL = YES;
				CLANG_ANALYZER_NUMBER_OBJECT_CONVERSION = YES_AGGRESSIVE;
				CLANG_CXX_LANGUAGE_STANDARD = "gnu++20";
				CLANG_ENABLE_MODULES = YES;
				CLANG_ENABLE_OBJC_ARC = YES;
				CLANG_ENABLE_OBJC_WEAK = YES;
				CLANG_WARN_BLOCK_CAPTURE_AUTORELEASING = YES;
				CLANG_WARN_BOOL_CONVERSION = YES;
				CLANG_WARN_COMMA = YES;
				CLANG_WARN_CONSTANT_CONVERSION = YES;
				CLANG_WARN_DEPRECATED_OBJC_IMPLEMENTATIONS = YES;
				CLANG_WARN_DIRECT_OBJC_ISA_USAGE = YES_ERROR;
				CLANG_WARN_DOCUMENTATION_COMMENTS = YES;
				CLANG_WARN_EMPTY_BODY = YES;
				CLANG_WARN_ENUM_CONVERSION = YES;
				CLANG_WARN_INFINITE_RECURSION = YES;
				CLANG_WARN_INT_CONVERSION = YES;
				CLANG_WARN_NON_LITERAL_NULL_CONVERSION = YES;
				CLANG_WARN_OBJC_IMPLICIT_RETAIN_SELF = YES;
				CLANG_WARN_OBJC_LITERAL_CONVERSION = YES;
				CLANG_WARN_OBJC_ROOT_CLASS = YES_ERROR;
				CLANG_WARN_QUOTED_INCLUDE_IN_FRAMEWORK_HEADER = YES;
				CLANG_WARN_RANGE_LOOP_ANALYSIS = YES;
				CLANG_WARN_STRICT_PROTOTYPES = YES;
				CLANG_WARN_SUSPICIOUS_MOVE = YES;
				CLANG_WARN_UNGUARDED_AVAILABILITY = YES_AGGRESSIVE;
				CLANG_WARN_UNREACHABLE_CODE = YES;
				CLANG_WARN__DUPLICATE_METHOD_MATCH = YES;
				COPY_PHASE_STRIP = NO;
				DEBUG_INFORMATION_FORMAT = "dwarf-with-dsym";
				ENABLE_NS_ASSERTIONS = NO;
				ENABLE_STRICT_OBJC_MSGSEND = YES;
				ENABLE_USER_SCRIPT_SANDBOXING = YES;
				GCC_C_LANGUAGE_STANDARD = gnu17;
				GCC_NO_COMMON_BLOCKS = YES;
				GCC_WARN_64_TO_32_BIT_CONVERSION = YES;
				GCC_WARN_ABOUT_RETURN_TYPE = YES_ERROR;
				GCC_WARN_UNDECLARED_SELECTOR = YES;
				GCC_WARN_UNINITIALIZED_AUTOS = YES_AGGRESSIVE;
				GCC_WARN_UNUSED_FUNCTION = YES;
				GCC_WARN_UNUSED_VARIABLE = YES;
				LOCALIZATION_PREFERS_STRING_CATALOGS = YES;
				MTL_ENABLE_DEBUG_INFO = NO;
				MTL_FAST_MATH = YES;
				SDKROOT = xros;
				SWIFT_COMPILATION_MODE = wholemodule;
				VALIDATE_PRODUCT = YES;
				XROS_DEPLOYMENT_TARGET = 1.2;
			};
			name = Release;
		};
		496CB95E2C4D430C0060A58E /* Debug */ = {
			isa = XCBuildConfiguration;
			buildSettings = {
				ASSETCATALOG_COMPILER_APPICON_NAME = AppIcon;
				ASSETCATALOG_COMPILER_GLOBAL_ACCENT_COLOR_NAME = AccentColor;
				CODE_SIGN_STYLE = Automatic;
				CURRENT_PROJECT_VERSION = 1;
				DEVELOPMENT_ASSET_PATHS = "\"SoundPlay/Preview Content\"";
				DEVELOPMENT_TEAM = JXF8YR39X7;
				ENABLE_PREVIEWS = YES;
				GENERATE_INFOPLIST_FILE = YES;
				INFOPLIST_FILE = "$(TARGET_NAME)/Info.plist";
				LD_RUNPATH_SEARCH_PATHS = (
					"$(inherited)",
					"@executable_path/Frameworks",
				);
				MARKETING_VERSION = 1.0;
				PRODUCT_BUNDLE_IDENTIFIER = com.hiroyukisakamoto.SoundPlay;
				PRODUCT_NAME = "$(TARGET_NAME)";
				SUPPORTED_PLATFORMS = "xros xrsimulator";
				SWIFT_EMIT_LOC_STRINGS = YES;
				SWIFT_VERSION = 5.0;
				TARGETED_DEVICE_FAMILY = "1,2,7";
			};
			name = Debug;
		};
		496CB95F2C4D430C0060A58E /* Release */ = {
			isa = XCBuildConfiguration;
			buildSettings = {
				ASSETCATALOG_COMPILER_APPICON_NAME = AppIcon;
				ASSETCATALOG_COMPILER_GLOBAL_ACCENT_COLOR_NAME = AccentColor;
				CODE_SIGN_STYLE = Automatic;
				CURRENT_PROJECT_VERSION = 1;
				DEVELOPMENT_ASSET_PATHS = "\"SoundPlay/Preview Content\"";
				DEVELOPMENT_TEAM = JXF8YR39X7;
				ENABLE_PREVIEWS = YES;
				GENERATE_INFOPLIST_FILE = YES;
				INFOPLIST_FILE = "$(TARGET_NAME)/Info.plist";
				LD_RUNPATH_SEARCH_PATHS = (
					"$(inherited)",
					"@executable_path/Frameworks",
				);
				MARKETING_VERSION = 1.0;
				PRODUCT_BUNDLE_IDENTIFIER = com.hiroyukisakamoto.SoundPlay;
				PRODUCT_NAME = "$(TARGET_NAME)";
				SUPPORTED_PLATFORMS = "xros xrsimulator";
				SWIFT_EMIT_LOC_STRINGS = YES;
				SWIFT_VERSION = 5.0;
				TARGETED_DEVICE_FAMILY = "1,2,7";
			};
			name = Release;
		};
/* End XCBuildConfiguration section */

/* Begin XCConfigurationList section */
		496CB9432C4D430A0060A58E /* Build configuration list for PBXProject "SoundPlay" */ = {
			isa = XCConfigurationList;
			buildConfigurations = (
				496CB95B2C4D430C0060A58E /* Debug */,
				496CB95C2C4D430C0060A58E /* Release */,
			);
			defaultConfigurationIsVisible = 0;
			defaultConfigurationName = Release;
		};
		496CB95D2C4D430C0060A58E /* Build configuration list for PBXNativeTarget "SoundPlay" */ = {
			isa = XCConfigurationList;
			buildConfigurations = (
				496CB95E2C4D430C0060A58E /* Debug */,
				496CB95F2C4D430C0060A58E /* Release */,
			);
			defaultConfigurationIsVisible = 0;
			defaultConfigurationName = Release;
		};
/* End XCConfigurationList section */

/* Begin XCSwiftPackageProductDependency section */
		496CB94D2C4D430A0060A58E /* RealityKitContent */ = {
			isa = XCSwiftPackageProductDependency;
			productName = RealityKitContent;
		};
/* End XCSwiftPackageProductDependency section */
	};
	rootObject = 496CB9402C4D430A0060A58E /* Project object */;
}
